
Microsoft Visual Studio Solution File, Format Version 12.00
Project("{2150E333-8FDC-42A3-9474-1A3956D46DE8}") = "Creational", "Creational", "{DEC64BBB-F922-4EC1-99CF-6186231D4926}"
EndProject
Project("{FAE04EC0-301F-11D3-BF4B-00C04F79EFBC}") = "FactoryMethod", "FactoryMethod\FactoryMethod.csproj", "{784675D1-AD0D-4016-9F52-7696A8E827F6}"
EndProject
Project("{FAE04EC0-301F-11D3-BF4B-00C04F79EFBC}") = "AbstractFactory", "AbstractFactory\AbstractFactory.csproj", "{23BC5846-090B-4E31-9D31-7F49D07226AD}"
EndProject
Project("{FAE04EC0-301F-11D3-BF4B-00C04F79EFBC}") = "Builder", "Builder\Builder.csproj", "{81366370-2B0F-4687-9332-0576D4976FC8}"
EndProject
Project("{FAE04EC0-301F-11D3-BF4B-00C04F79EFBC}") = "Prototype", "Prototype\Prototype.csproj", "{3414FDAA-DC89-456B-BC07-AC438901A4BC}"
EndProject
Project("{FAE04EC0-301F-11D3-BF4B-00C04F79EFBC}") = "Singleton", "Singleton\Singleton.csproj", "{70F64853-33AB-443D-BBEC-9B8A7A155BBB}"
EndProject
Project("{2150E333-8FDC-42A3-9474-1A3956D46DE8}") = "Structural", "Structural", "{90858FFE-21CD-4211-95DF-07203DCD55F2}"
EndProject
Project("{FAE04EC0-301F-11D3-BF4B-00C04F79EFBC}") = "Adapter", "Adapter\Adapter.csproj", "{6B401AA5-6C33-46CB-833A-152D3744B6A1}"
EndProject
Project("{FAE04EC0-301F-11D3-BF4B-00C04F79EFBC}") = "Bridge", "Bridge\Bridge.csproj", "{7EFD98DC-3DB6-47F6-8763-10A3153F2C0E}"
EndProject
Project("{FAE04EC0-301F-11D3-BF4B-00C04F79EFBC}") = "Composite", "Composite\Composite.csproj", "{F05A6DB1-F095-46CE-A06F-3C18DF5EBB05}"
EndProject
Project("{FAE04EC0-301F-11D3-BF4B-00C04F79EFBC}") = "Decorator", "Decorator\Decorator.csproj", "{01347811-777D-42F1-AEF1-5F1E14EBD50A}"
EndProject
Project("{FAE04EC0-301F-11D3-BF4B-00C04F79EFBC}") = "Facade", "Facade\Facade.csproj", "{2C5032F6-7491-4EEC-8742-00BDD503969F}"
EndProject
Project("{FAE04EC0-301F-11D3-BF4B-00C04F79EFBC}") = "Flyweight", "Flyweight\Flyweight.csproj", "{937B55D9-E64C-47CB-B5FF-19872A0160C3}"
EndProject
Project("{FAE04EC0-301F-11D3-BF4B-00C04F79EFBC}") = "Proxy", "Proxy\Proxy.csproj", "{98049F25-2463-4EEE-8C64-5E8D11789279}"
EndProject
Project("{2150E333-8FDC-42A3-9474-1A3956D46DE8}") = "Behavioral", "Behavioral", "{F6D2D7DD-47C4-489E-A261-C0A967DEE35A}"
EndProject
Project("{FAE04EC0-301F-11D3-BF4B-00C04F79EFBC}") = "ChainOfResponsibility", "ChainOfResponsibility\ChainOfResponsibility.csproj", "{85509F9F-A6C5-4843-8350-1C49884A80AD}"
EndProject
Project("{FAE04EC0-301F-11D3-BF4B-00C04F79EFBC}") = "Command", "Command\Command.csproj", "{516B785F-0ACF-489E-B67A-5F8D56E0B29B}"
EndProject
Project("{FAE04EC0-301F-11D3-BF4B-00C04F79EFBC}") = "Iterator", "Iterator\Iterator.csproj", "{311E6DA1-E62F-497C-8436-B814CDD8C5B8}"
EndProject
Project("{FAE04EC0-301F-11D3-BF4B-00C04F79EFBC}") = "Mediator", "Mediator\Mediator.csproj", "{3F1E9AF3-AB42-4953-BD30-0F9360BCD6C7}"
EndProject
Project("{FAE04EC0-301F-11D3-BF4B-00C04F79EFBC}") = "Memento", "Memento\Memento.csproj", "{D1674010-C340-4F6E-A1EF-145CD73011D3}"
EndProject
Project("{FAE04EC0-301F-11D3-BF4B-00C04F79EFBC}") = "Observer", "Observer\Observer.csproj", "{9A51A526-7168-4BBA-BC1A-0C9834F71CCF}"
EndProject
Project("{FAE04EC0-301F-11D3-BF4B-00C04F79EFBC}") = "State", "State\State.csproj", "{F2C48882-5D79-4E24-A653-486EC07CA1A5}"
EndProject
Project("{FAE04EC0-301F-11D3-BF4B-00C04F79EFBC}") = "Strategy", "Strategy\Strategy.csproj", "{0D960FCF-BE04-4DD1-B081-C493435F7FCA}"
EndProject
Project("{FAE04EC0-301F-11D3-BF4B-00C04F79EFBC}") = "TemplateMethod", "TemplateMethod\TemplateMethod.csproj", "{81A362AD-AA05-47D7-AEE3-0EF0250DF44E}"
EndProject
Project("{FAE04EC0-301F-11D3-BF4B-00C04F79EFBC}") = "Visitor", "Visitor\Visitor.csproj", "{52E39DB5-314F-4535-9B47-D408A11FE93A}"
EndProject
Global
	GlobalSection(SolutionConfigurationPlatforms) = preSolution
		Debug|Any CPU = Debug|Any CPU
		Release|Any CPU = Release|Any CPU
	EndGlobalSection
	GlobalSection(NestedProjects) = preSolution
		{784675D1-AD0D-4016-9F52-7696A8E827F6} = {DEC64BBB-F922-4EC1-99CF-6186231D4926}
		{23BC5846-090B-4E31-9D31-7F49D07226AD} = {DEC64BBB-F922-4EC1-99CF-6186231D4926}
		{81366370-2B0F-4687-9332-0576D4976FC8} = {DEC64BBB-F922-4EC1-99CF-6186231D4926}
		{3414FDAA-DC89-456B-BC07-AC438901A4BC} = {DEC64BBB-F922-4EC1-99CF-6186231D4926}
		{70F64853-33AB-443D-BBEC-9B8A7A155BBB} = {DEC64BBB-F922-4EC1-99CF-6186231D4926}
		{6B401AA5-6C33-46CB-833A-152D3744B6A1} = {90858FFE-21CD-4211-95DF-07203DCD55F2}
		{7EFD98DC-3DB6-47F6-8763-10A3153F2C0E} = {90858FFE-21CD-4211-95DF-07203DCD55F2}
		{F05A6DB1-F095-46CE-A06F-3C18DF5EBB05} = {90858FFE-21CD-4211-95DF-07203DCD55F2}
		{01347811-777D-42F1-AEF1-5F1E14EBD50A} = {90858FFE-21CD-4211-95DF-07203DCD55F2}
		{2C5032F6-7491-4EEC-8742-00BDD503969F} = {90858FFE-21CD-4211-95DF-07203DCD55F2}
		{937B55D9-E64C-47CB-B5FF-19872A0160C3} = {90858FFE-21CD-4211-95DF-07203DCD55F2}
		{98049F25-2463-4EEE-8C64-5E8D11789279} = {90858FFE-21CD-4211-95DF-07203DCD55F2}
		{85509F9F-A6C5-4843-8350-1C49884A80AD} = {F6D2D7DD-47C4-489E-A261-C0A967DEE35A}
		{516B785F-0ACF-489E-B67A-5F8D56E0B29B} = {F6D2D7DD-47C4-489E-A261-C0A967DEE35A}
		{311E6DA1-E62F-497C-8436-B814CDD8C5B8} = {F6D2D7DD-47C4-489E-A261-C0A967DEE35A}
		{3F1E9AF3-AB42-4953-BD30-0F9360BCD6C7} = {F6D2D7DD-47C4-489E-A261-C0A967DEE35A}
		{D1674010-C340-4F6E-A1EF-145CD73011D3} = {F6D2D7DD-47C4-489E-A261-C0A967DEE35A}
		{9A51A526-7168-4BBA-BC1A-0C9834F71CCF} = {F6D2D7DD-47C4-489E-A261-C0A967DEE35A}
		{F2C48882-5D79-4E24-A653-486EC07CA1A5} = {F6D2D7DD-47C4-489E-A261-C0A967DEE35A}
		{0D960FCF-BE04-4DD1-B081-C493435F7FCA} = {F6D2D7DD-47C4-489E-A261-C0A967DEE35A}
		{81A362AD-AA05-47D7-AEE3-0EF0250DF44E} = {F6D2D7DD-47C4-489E-A261-C0A967DEE35A}
		{52E39DB5-314F-4535-9B47-D408A11FE93A} = {F6D2D7DD-47C4-489E-A261-C0A967DEE35A}
	EndGlobalSection
	GlobalSection(ProjectConfigurationPlatforms) = postSolution
		{784675D1-AD0D-4016-9F52-7696A8E827F6}.Debug|Any CPU.ActiveCfg = Debug|Any CPU
		{784675D1-AD0D-4016-9F52-7696A8E827F6}.Debug|Any CPU.Build.0 = Debug|Any CPU
		{784675D1-AD0D-4016-9F52-7696A8E827F6}.Release|Any CPU.ActiveCfg = Release|Any CPU
		{784675D1-AD0D-4016-9F52-7696A8E827F6}.Release|Any CPU.Build.0 = Release|Any CPU
		{23BC5846-090B-4E31-9D31-7F49D07226AD}.Debug|Any CPU.ActiveCfg = Debug|Any CPU
		{23BC5846-090B-4E31-9D31-7F49D07226AD}.Debug|Any CPU.Build.0 = Debug|Any CPU
		{23BC5846-090B-4E31-9D31-7F49D07226AD}.Release|Any CPU.ActiveCfg = Release|Any CPU
		{23BC5846-090B-4E31-9D31-7F49D07226AD}.Release|Any CPU.Build.0 = Release|Any CPU
		{81366370-2B0F-4687-9332-0576D4976FC8}.Debug|Any CPU.ActiveCfg = Debug|Any CPU
		{81366370-2B0F-4687-9332-0576D4976FC8}.Debug|Any CPU.Build.0 = Debug|Any CPU
		{81366370-2B0F-4687-9332-0576D4976FC8}.Release|Any CPU.ActiveCfg = Release|Any CPU
		{81366370-2B0F-4687-9332-0576D4976FC8}.Release|Any CPU.Build.0 = Release|Any CPU
		{3414FDAA-DC89-456B-BC07-AC438901A4BC}.Debug|Any CPU.ActiveCfg = Debug|Any CPU
		{3414FDAA-DC89-456B-BC07-AC438901A4BC}.Debug|Any CPU.Build.0 = Debug|Any CPU
		{3414FDAA-DC89-456B-BC07-AC438901A4BC}.Release|Any CPU.ActiveCfg = Release|Any CPU
		{3414FDAA-DC89-456B-BC07-AC438901A4BC}.Release|Any CPU.Build.0 = Release|Any CPU
		{70F64853-33AB-443D-BBEC-9B8A7A155BBB}.Debug|Any CPU.ActiveCfg = Debug|Any CPU
		{70F64853-33AB-443D-BBEC-9B8A7A155BBB}.Debug|Any CPU.Build.0 = Debug|Any CPU
		{70F64853-33AB-443D-BBEC-9B8A7A155BBB}.Release|Any CPU.ActiveCfg = Release|Any CPU
		{70F64853-33AB-443D-BBEC-9B8A7A155BBB}.Release|Any CPU.Build.0 = Release|Any CPU
		{6B401AA5-6C33-46CB-833A-152D3744B6A1}.Debug|Any CPU.ActiveCfg = Debug|Any CPU
		{6B401AA5-6C33-46CB-833A-152D3744B6A1}.Debug|Any CPU.Build.0 = Debug|Any CPU
		{6B401AA5-6C33-46CB-833A-152D3744B6A1}.Release|Any CPU.ActiveCfg = Release|Any CPU
		{6B401AA5-6C33-46CB-833A-152D3744B6A1}.Release|Any CPU.Build.0 = Release|Any CPU
		{7EFD98DC-3DB6-47F6-8763-10A3153F2C0E}.Debug|Any CPU.ActiveCfg = Debug|Any CPU
		{7EFD98DC-3DB6-47F6-8763-10A3153F2C0E}.Debug|Any CPU.Build.0 = Debug|Any CPU
		{7EFD98DC-3DB6-47F6-8763-10A3153F2C0E}.Release|Any CPU.ActiveCfg = Release|Any CPU
		{7EFD98DC-3DB6-47F6-8763-10A3153F2C0E}.Release|Any CPU.Build.0 = Release|Any CPU
		{F05A6DB1-F095-46CE-A06F-3C18DF5EBB05}.Debug|Any CPU.ActiveCfg = Debug|Any CPU
		{F05A6DB1-F095-46CE-A06F-3C18DF5EBB05}.Debug|Any CPU.Build.0 = Debug|Any CPU
		{F05A6DB1-F095-46CE-A06F-3C18DF5EBB05}.Release|Any CPU.ActiveCfg = Release|Any CPU
		{F05A6DB1-F095-46CE-A06F-3C18DF5EBB05}.Release|Any CPU.Build.0 = Release|Any CPU
		{01347811-777D-42F1-AEF1-5F1E14EBD50A}.Debug|Any CPU.ActiveCfg = Debug|Any CPU
		{01347811-777D-42F1-AEF1-5F1E14EBD50A}.Debug|Any CPU.Build.0 = Debug|Any CPU
		{01347811-777D-42F1-AEF1-5F1E14EBD50A}.Release|Any CPU.ActiveCfg = Release|Any CPU
		{01347811-777D-42F1-AEF1-5F1E14EBD50A}.Release|Any CPU.Build.0 = Release|Any CPU
		{2C5032F6-7491-4EEC-8742-00BDD503969F}.Debug|Any CPU.ActiveCfg = Debug|Any CPU
		{2C5032F6-7491-4EEC-8742-00BDD503969F}.Debug|Any CPU.Build.0 = Debug|Any CPU
		{2C5032F6-7491-4EEC-8742-00BDD503969F}.Release|Any CPU.ActiveCfg = Release|Any CPU
		{2C5032F6-7491-4EEC-8742-00BDD503969F}.Release|Any CPU.Build.0 = Release|Any CPU
		{937B55D9-E64C-47CB-B5FF-19872A0160C3}.Debug|Any CPU.ActiveCfg = Debug|Any CPU
		{937B55D9-E64C-47CB-B5FF-19872A0160C3}.Debug|Any CPU.Build.0 = Debug|Any CPU
		{937B55D9-E64C-47CB-B5FF-19872A0160C3}.Release|Any CPU.ActiveCfg = Release|Any CPU
		{937B55D9-E64C-47CB-B5FF-19872A0160C3}.Release|Any CPU.Build.0 = Release|Any CPU
		{98049F25-2463-4EEE-8C64-5E8D11789279}.Debug|Any CPU.ActiveCfg = Debug|Any CPU
		{98049F25-2463-4EEE-8C64-5E8D11789279}.Debug|Any CPU.Build.0 = Debug|Any CPU
		{98049F25-2463-4EEE-8C64-5E8D11789279}.Release|Any CPU.ActiveCfg = Release|Any CPU
		{98049F25-2463-4EEE-8C64-5E8D11789279}.Release|Any CPU.Build.0 = Release|Any CPU
		{85509F9F-A6C5-4843-8350-1C49884A80AD}.Debug|Any CPU.ActiveCfg = Debug|Any CPU
		{85509F9F-A6C5-4843-8350-1C49884A80AD}.Debug|Any CPU.Build.0 = Debug|Any CPU
		{85509F9F-A6C5-4843-8350-1C49884A80AD}.Release|Any CPU.ActiveCfg = Release|Any CPU
		{85509F9F-A6C5-4843-8350-1C49884A80AD}.Release|Any CPU.Build.0 = Release|Any CPU
		{516B785F-0ACF-489E-B67A-5F8D56E0B29B}.Debug|Any CPU.ActiveCfg = Debug|Any CPU
		{516B785F-0ACF-489E-B67A-5F8D56E0B29B}.Debug|Any CPU.Build.0 = Debug|Any CPU
		{516B785F-0ACF-489E-B67A-5F8D56E0B29B}.Release|Any CPU.ActiveCfg = Release|Any CPU
		{516B785F-0ACF-489E-B67A-5F8D56E0B29B}.Release|Any CPU.Build.0 = Release|Any CPU
		{311E6DA1-E62F-497C-8436-B814CDD8C5B8}.Debug|Any CPU.ActiveCfg = Debug|Any CPU
		{311E6DA1-E62F-497C-8436-B814CDD8C5B8}.Debug|Any CPU.Build.0 = Debug|Any CPU
		{311E6DA1-E62F-497C-8436-B814CDD8C5B8}.Release|Any CPU.ActiveCfg = Release|Any CPU
		{311E6DA1-E62F-497C-8436-B814CDD8C5B8}.Release|Any CPU.Build.0 = Release|Any CPU
		{3F1E9AF3-AB42-4953-BD30-0F9360BCD6C7}.Debug|Any CPU.ActiveCfg = Debug|Any CPU
		{3F1E9AF3-AB42-4953-BD30-0F9360BCD6C7}.Debug|Any CPU.Build.0 = Debug|Any CPU
		{3F1E9AF3-AB42-4953-BD30-0F9360BCD6C7}.Release|Any CPU.ActiveCfg = Release|Any CPU
		{3F1E9AF3-AB42-4953-BD30-0F9360BCD6C7}.Release|Any CPU.Build.0 = Release|Any CPU
		{D1674010-C340-4F6E-A1EF-145CD73011D3}.Debug|Any CPU.ActiveCfg = Debug|Any CPU
		{D1674010-C340-4F6E-A1EF-145CD73011D3}.Debug|Any CPU.Build.0 = Debug|Any CPU
		{D1674010-C340-4F6E-A1EF-145CD73011D3}.Release|Any CPU.ActiveCfg = Release|Any CPU
		{D1674010-C340-4F6E-A1EF-145CD73011D3}.Release|Any CPU.Build.0 = Release|Any CPU
		{9A51A526-7168-4BBA-BC1A-0C9834F71CCF}.Debug|Any CPU.ActiveCfg = Debug|Any CPU
		{9A51A526-7168-4BBA-BC1A-0C9834F71CCF}.Debug|Any CPU.Build.0 = Debug|Any CPU
		{9A51A526-7168-4BBA-BC1A-0C9834F71CCF}.Release|Any CPU.ActiveCfg = Release|Any CPU
		{9A51A526-7168-4BBA-BC1A-0C9834F71CCF}.Release|Any CPU.Build.0 = Release|Any CPU
		{F2C48882-5D79-4E24-A653-486EC07CA1A5}.Debug|Any CPU.ActiveCfg = Debug|Any CPU
		{F2C48882-5D79-4E24-A653-486EC07CA1A5}.Debug|Any CPU.Build.0 = Debug|Any CPU
		{F2C48882-5D79-4E24-A653-486EC07CA1A5}.Release|Any CPU.ActiveCfg = Release|Any CPU
		{F2C48882-5D79-4E24-A653-486EC07CA1A5}.Release|Any CPU.Build.0 = Release|Any CPU
		{0D960FCF-BE04-4DD1-B081-C493435F7FCA}.Debug|Any CPU.ActiveCfg = Debug|Any CPU
		{0D960FCF-BE04-4DD1-B081-C493435F7FCA}.Debug|Any CPU.Build.0 = Debug|Any CPU
		{0D960FCF-BE04-4DD1-B081-C493435F7FCA}.Release|Any CPU.ActiveCfg = Release|Any CPU
		{0D960FCF-BE04-4DD1-B081-C493435F7FCA}.Release|Any CPU.Build.0 = Release|Any CPU
		{81A362AD-AA05-47D7-AEE3-0EF0250DF44E}.Debug|Any CPU.ActiveCfg = Debug|Any CPU
		{81A362AD-AA05-47D7-AEE3-0EF0250DF44E}.Debug|Any CPU.Build.0 = Debug|Any CPU
		{81A362AD-AA05-47D7-AEE3-0EF0250DF44E}.Release|Any CPU.ActiveCfg = Release|Any CPU
		{81A362AD-AA05-47D7-AEE3-0EF0250DF44E}.Release|Any CPU.Build.0 = Release|Any CPU
		{52E39DB5-314F-4535-9B47-D408A11FE93A}.Debug|Any CPU.ActiveCfg = Debug|Any CPU
		{52E39DB5-314F-4535-9B47-D408A11FE93A}.Debug|Any CPU.Build.0 = Debug|Any CPU
		{52E39DB5-314F-4535-9B47-D408A11FE93A}.Release|Any CPU.ActiveCfg = Release|Any CPU
		{52E39DB5-314F-4535-9B47-D408A11FE93A}.Release|Any CPU.Build.0 = Release|Any CPU
	EndGlobalSection
EndGlobal
